
Microsoft Visual Studio Solution File, Format Version 12.00
# Visual Studio Version 16
VisualStudioVersion = 16.0.30104.148
MinimumVisualStudioVersion = 10.0.40219.1
Project("{FAE04EC0-301F-11D3-BF4B-00C04F79EFBC}") = "Tp6", "Tp6\Tp6.csproj", "{6215D11E-B4DA-4A6B-AB94-E4D3DA75544F}"
EndProject
Global
	GlobalSection(SolutionConfigurationPlatforms) = preSolution
		Debug|Any CPU = Debug|Any CPU
		Release|Any CPU = Release|Any CPU
	EndGlobalSection
	GlobalSection(ProjectConfigurationPlatforms) = postSolution
		{6215D11E-B4DA-4A6B-AB94-E4D3DA75544F}.Debug|Any CPU.ActiveCfg = Debug|Any CPU
		{6215D11E-B4DA-4A6B-AB94-E4D3DA75544F}.Debug|Any CPU.Build.0 = Debug|Any CPU
		{6215D11E-B4DA-4A6B-AB94-E4D3DA75544F}.Release|Any CPU.ActiveCfg = Release|Any CPU
		{6215D11E-B4DA-4A6B-AB94-E4D3DA75544F}.Release|Any CPU.Build.0 = Release|Any CPU
	EndGlobalSection
	GlobalSection(SolutionProperties) = preSolution
		HideSolutionNode = FALSE
	EndGlobalSection
	GlobalSection(ExtensibilityGlobals) = postSolution
		SolutionGuid = {03126DD6-ED8F-4EB4-A213-FA6D8EB69065}
	EndGlobalSection
EndGlobal
